Microsoft Visual Studio Solution File, Format Version 12.00
# Visual Studio Version 17
VisualStudioVersion = 17.5.2.0
MinimumVisualStudioVersion = 10.0.40219.1
Project("{FAE04EC0-301F-11D3-BF4B-00C04F79EFBC}") = "Contract", "Contract\Contract.csproj", "{F244FA82-7AB5-49B5-6C27-23AE2128D1CC}"
EndProject
Global
	GlobalSection(SolutionConfigurationPlatforms) = preSolution
		Debug|Any CPU = Debug|Any CPU
		Release|Any CPU = Release|Any CPU
	EndGlobalSection
	GlobalSection(ProjectConfigurationPlatforms) = postSolution
		{F244FA82-7AB5-49B5-6C27-23AE2128D1CC}.Debug|Any CPU.ActiveCfg = Debug|Any CPU
		{F244FA82-7AB5-49B5-6C27-23AE2128D1CC}.Debug|Any CPU.Build.0 = Debug|Any CPU
		{F244FA82-7AB5-49B5-6C27-23AE2128D1CC}.Release|Any CPU.ActiveCfg = Release|Any CPU
		{F244FA82-7AB5-49B5-6C27-23AE2128D1CC}.Release|Any CPU.Build.0 = Release|Any CPU
	EndGlobalSection
	GlobalSection(SolutionProperties) = preSolution
		HideSolutionNode = FALSE
	EndGlobalSection
	GlobalSection(ExtensibilityGlobals) = postSolution
		SolutionGuid = {EA477EA3-FFAA-40F7-88D8-4F4A63840E39}
	EndGlobalSection
EndGlobal
